Microsoft Visual Studio Solution File, Format Version 12.00
# Visual Studio Version 17
VisualStudioVersion = 17.5.2.0
MinimumVisualStudioVersion = 10.0.40219.1
Project("{FAE04EC0-301F-11D3-BF4B-00C04F79EFBC}") = "DotNetCore8DemoBurnApp", "DotNetCore8DemoBurnApp.csproj", "{AFC6C5BB-CEF4-948A-8D45-DE4FE7426ACA}"
EndProject
Global
	GlobalSection(SolutionConfigurationPlatforms) = preSolution
		Debug|Any CPU = Debug|Any CPU
		Release|Any CPU = Release|Any CPU
	EndGlobalSection
	GlobalSection(ProjectConfigurationPlatforms) = postSolution
		{AFC6C5BB-CEF4-948A-8D45-DE4FE7426ACA}.Debug|Any CPU.ActiveCfg = Debug|Any CPU
		{AFC6C5BB-CEF4-948A-8D45-DE4FE7426ACA}.Debug|Any CPU.Build.0 = Debug|Any CPU
		{AFC6C5BB-CEF4-948A-8D45-DE4FE7426ACA}.Release|Any CPU.ActiveCfg = Release|Any CPU
		{AFC6C5BB-CEF4-948A-8D45-DE4FE7426ACA}.Release|Any CPU.Build.0 = Release|Any CPU
	EndGlobalSection
	GlobalSection(SolutionProperties) = preSolution
		HideSolutionNode = FALSE
	EndGlobalSection
	GlobalSection(ExtensibilityGlobals) = postSolution
		SolutionGuid = {017153EB-3190-45B0-95B7-BA388DFABBDD}
	EndGlobalSection
EndGlobal
